
Microsoft Visual Studio Solution File, Format Version 12.00
# Visual Studio Version 17
VisualStudioVersion = 17.7.34221.43
MinimumVisualStudioVersion = 10.0.40219.1
Project("{9A19103F-16F7-4668-BE54-9A1E7A4F7556}") = "ApiGateway", "ApiGateway\ApiGateway.csproj", "{DAFC5295-9155-4D3D-B5DC-C74232A1EE71}"
EndProject
Project("{9A19103F-16F7-4668-BE54-9A1E7A4F7556}") = "Auth", "Auth\Auth.csproj", "{9BBB10EE-F7AF-48F1-B411-0A0C67BD867C}"
EndProject
Project("{FAE04EC0-301F-11D3-BF4B-00C04F79EFBC}") = "DataProcessing", "DataProcessing\DataProcessing.csproj", "{C83D091B-5FFF-427B-B157-1D15496A1DA9}"
EndProject
Project("{FAE04EC0-301F-11D3-BF4B-00C04F79EFBC}") = "DataProcessing.Tests", "DataProcessing.Tests\DataProcessing.Tests.csproj", "{F060E687-3772-436F-9D0D-68F36FCD1002}"
EndProject
Project("{FAE04EC0-301F-11D3-BF4B-00C04F79EFBC}") = "ApiGateway.Tests", "ApiGateway.Tests\ApiGateway.Tests.csproj", "{13BB7C46-5A50-4198-BCEF-8A2E81013BEF}"
EndProject
Project("{FAE04EC0-301F-11D3-BF4B-00C04F79EFBC}") = "Auth.Tests", "Auth.Tests\Auth.Tests.csproj", "{AF70FC92-599A-46A5-B1D0-39331505D800}"
EndProject
Project("{FAE04EC0-301F-11D3-BF4B-00C04F79EFBC}") = "TidyEvents", "TidyEvents\TidyEvents.csproj", "{53C2AAC7-60EA-42AF-9B7F-D7B1E8904E12}"
EndProject
Global
	GlobalSection(SolutionConfigurationPlatforms) = preSolution
		Debug|Any CPU = Debug|Any CPU
		Debug|x64 = Debug|x64
		Debug|x86 = Debug|x86
		Release|Any CPU = Release|Any CPU
		Release|x64 = Release|x64
		Release|x86 = Release|x86
	EndGlobalSection
	GlobalSection(ProjectConfigurationPlatforms) = postSolution
		{DAFC5295-9155-4D3D-B5DC-C74232A1EE71}.Debug|Any CPU.ActiveCfg = Debug|Any CPU
		{DAFC5295-9155-4D3D-B5DC-C74232A1EE71}.Debug|Any CPU.Build.0 = Debug|Any CPU
		{DAFC5295-9155-4D3D-B5DC-C74232A1EE71}.Debug|x64.ActiveCfg = Debug|Any CPU
		{DAFC5295-9155-4D3D-B5DC-C74232A1EE71}.Debug|x64.Build.0 = Debug|Any CPU
		{DAFC5295-9155-4D3D-B5DC-C74232A1EE71}.Debug|x86.ActiveCfg = Debug|Any CPU
		{DAFC5295-9155-4D3D-B5DC-C74232A1EE71}.Debug|x86.Build.0 = Debug|Any CPU
		{DAFC5295-9155-4D3D-B5DC-C74232A1EE71}.Release|Any CPU.ActiveCfg = Release|Any CPU
		{DAFC5295-9155-4D3D-B5DC-C74232A1EE71}.Release|Any CPU.Build.0 = Release|Any CPU
		{DAFC5295-9155-4D3D-B5DC-C74232A1EE71}.Release|x64.ActiveCfg = Release|Any CPU
		{DAFC5295-9155-4D3D-B5DC-C74232A1EE71}.Release|x64.Build.0 = Release|Any CPU
		{DAFC5295-9155-4D3D-B5DC-C74232A1EE71}.Release|x86.ActiveCfg = Release|Any CPU
		{DAFC5295-9155-4D3D-B5DC-C74232A1EE71}.Release|x86.Build.0 = Release|Any CPU
		{9BBB10EE-F7AF-48F1-B411-0A0C67BD867C}.Debug|Any CPU.ActiveCfg = Debug|Any CPU
		{9BBB10EE-F7AF-48F1-B411-0A0C67BD867C}.Debug|Any CPU.Build.0 = Debug|Any CPU
		{9BBB10EE-F7AF-48F1-B411-0A0C67BD867C}.Debug|x64.ActiveCfg = Debug|Any CPU
		{9BBB10EE-F7AF-48F1-B411-0A0C67BD867C}.Debug|x64.Build.0 = Debug|Any CPU
		{9BBB10EE-F7AF-48F1-B411-0A0C67BD867C}.Debug|x86.ActiveCfg = Debug|Any CPU
		{9BBB10EE-F7AF-48F1-B411-0A0C67BD867C}.Debug|x86.Build.0 = Debug|Any CPU
		{9BBB10EE-F7AF-48F1-B411-0A0C67BD867C}.Release|Any CPU.ActiveCfg = Release|Any CPU
		{9BBB10EE-F7AF-48F1-B411-0A0C67BD867C}.Release|Any CPU.Build.0 = Release|Any CPU
		{9BBB10EE-F7AF-48F1-B411-0A0C67BD867C}.Release|x64.ActiveCfg = Release|Any CPU
		{9BBB10EE-F7AF-48F1-B411-0A0C67BD867C}.Release|x64.Build.0 = Release|Any CPU
		{9BBB10EE-F7AF-48F1-B411-0A0C67BD867C}.Release|x86.ActiveCfg = Release|Any CPU
		{9BBB10EE-F7AF-48F1-B411-0A0C67BD867C}.Release|x86.Build.0 = Release|Any CPU
		{C83D091B-5FFF-427B-B157-1D15496A1DA9}.Debug|Any CPU.ActiveCfg = Debug|Any CPU
		{C83D091B-5FFF-427B-B157-1D15496A1DA9}.Debug|Any CPU.Build.0 = Debug|Any CPU
		{C83D091B-5FFF-427B-B157-1D15496A1DA9}.Debug|x64.ActiveCfg = Debug|Any CPU
		{C83D091B-5FFF-427B-B157-1D15496A1DA9}.Debug|x64.Build.0 = Debug|Any CPU
		{C83D091B-5FFF-427B-B157-1D15496A1DA9}.Debug|x86.ActiveCfg = Debug|Any CPU
		{C83D091B-5FFF-427B-B157-1D15496A1DA9}.Debug|x86.Build.0 = Debug|Any CPU
		{C83D091B-5FFF-427B-B157-1D15496A1DA9}.Release|Any CPU.ActiveCfg = Release|Any CPU
		{C83D091B-5FFF-427B-B157-1D15496A1DA9}.Release|Any CPU.Build.0 = Release|Any CPU
		{C83D091B-5FFF-427B-B157-1D15496A1DA9}.Release|x64.ActiveCfg = Release|Any CPU
		{C83D091B-5FFF-427B-B157-1D15496A1DA9}.Release|x64.Build.0 = Release|Any CPU
		{C83D091B-5FFF-427B-B157-1D15496A1DA9}.Release|x86.ActiveCfg = Release|Any CPU
		{C83D091B-5FFF-427B-B157-1D15496A1DA9}.Release|x86.Build.0 = Release|Any CPU
		{F060E687-3772-436F-9D0D-68F36FCD1002}.Debug|Any CPU.ActiveCfg = Debug|Any CPU
		{F060E687-3772-436F-9D0D-68F36FCD1002}.Debug|Any CPU.Build.0 = Debug|Any CPU
		{F060E687-3772-436F-9D0D-68F36FCD1002}.Debug|x64.ActiveCfg = Debug|Any CPU
		{F060E687-3772-436F-9D0D-68F36FCD1002}.Debug|x64.Build.0 = Debug|Any CPU
		{F060E687-3772-436F-9D0D-68F36FCD1002}.Debug|x86.ActiveCfg = Debug|Any CPU
		{F060E687-3772-436F-9D0D-68F36FCD1002}.Debug|x86.Build.0 = Debug|Any CPU
		{F060E687-3772-436F-9D0D-68F36FCD1002}.Release|Any CPU.ActiveCfg = Release|Any CPU
		{F060E687-3772-436F-9D0D-68F36FCD1002}.Release|Any CPU.Build.0 = Release|Any CPU
		{F060E687-3772-436F-9D0D-68F36FCD1002}.Release|x64.ActiveCfg = Release|Any CPU
		{F060E687-3772-436F-9D0D-68F36FCD1002}.Release|x64.Build.0 = Release|Any CPU
		{F060E687-3772-436F-9D0D-68F36FCD1002}.Release|x86.ActiveCfg = Release|Any CPU
		{F060E687-3772-436F-9D0D-68F36FCD1002}.Release|x86.Build.0 = Release|Any CPU
		{13BB7C46-5A50-4198-BCEF-8A2E81013BEF}.Debug|Any CPU.ActiveCfg = Debug|Any CPU
		{13BB7C46-5A50-4198-BCEF-8A2E81013BEF}.Debug|Any CPU.Build.0 = Debug|Any CPU
		{13BB7C46-5A50-4198-BCEF-8A2E81013BEF}.Debug|x64.ActiveCfg = Debug|Any CPU
		{13BB7C46-5A50-4198-BCEF-8A2E81013BEF}.Debug|x64.Build.0 = Debug|Any CPU
		{13BB7C46-5A50-4198-BCEF-8A2E81013BEF}.Debug|x86.ActiveCfg = Debug|Any CPU
		{13BB7C46-5A50-4198-BCEF-8A2E81013BEF}.Debug|x86.Build.0 = Debug|Any CPU
		{13BB7C46-5A50-4198-BCEF-8A2E81013BEF}.Release|Any CPU.ActiveCfg = Release|Any CPU
		{13BB7C46-5A50-4198-BCEF-8A2E81013BEF}.Release|Any CPU.Build.0 = Release|Any CPU
		{13BB7C46-5A50-4198-BCEF-8A2E81013BEF}.Release|x64.ActiveCfg = Release|Any CPU
		{13BB7C46-5A50-4198-BCEF-8A2E81013BEF}.Release|x64.Build.0 = Release|Any CPU
		{13BB7C46-5A50-4198-BCEF-8A2E81013BEF}.Release|x86.ActiveCfg = Release|Any CPU
		{13BB7C46-5A50-4198-BCEF-8A2E81013BEF}.Release|x86.Build.0 = Release|Any CPU
		{AF70FC92-599A-46A5-B1D0-39331505D800}.Debug|Any CPU.ActiveCfg = Debug|Any CPU
		{AF70FC92-599A-46A5-B1D0-39331505D800}.Debug|Any CPU.Build.0 = Debug|Any CPU
		{AF70FC92-599A-46A5-B1D0-39331505D800}.Debug|x64.ActiveCfg = Debug|Any CPU
		{AF70FC92-599A-46A5-B1D0-39331505D800}.Debug|x64.Build.0 = Debug|Any CPU
		{AF70FC92-599A-46A5-B1D0-39331505D800}.Debug|x86.ActiveCfg = Debug|Any CPU
		{AF70FC92-599A-46A5-B1D0-39331505D800}.Debug|x86.Build.0 = Debug|Any CPU
		{AF70FC92-599A-46A5-B1D0-39331505D800}.Release|Any CPU.ActiveCfg = Release|Any CPU
		{AF70FC92-599A-46A5-B1D0-39331505D800}.Release|Any CPU.Build.0 = Release|Any CPU
		{AF70FC92-599A-46A5-B1D0-39331505D800}.Release|x64.ActiveCfg = Release|Any CPU
		{AF70FC92-599A-46A5-B1D0-39331505D800}.Release|x64.Build.0 = Release|Any CPU
		{AF70FC92-599A-46A5-B1D0-39331505D800}.Release|x86.ActiveCfg = Release|Any CPU
		{AF70FC92-599A-46A5-B1D0-39331505D800}.Release|x86.Build.0 = Release|Any CPU
		{53C2AAC7-60EA-42AF-9B7F-D7B1E8904E12}.Debug|Any CPU.ActiveCfg = Debug|Any CPU
		{53C2AAC7-60EA-42AF-9B7F-D7B1E8904E12}.Debug|Any CPU.Build.0 = Debug|Any CPU
		{53C2AAC7-60EA-42AF-9B7F-D7B1E8904E12}.Debug|x64.ActiveCfg = Debug|Any CPU
		{53C2AAC7-60EA-42AF-9B7F-D7B1E8904E12}.Debug|x64.Build.0 = Debug|Any CPU
		{53C2AAC7-60EA-42AF-9B7F-D7B1E8904E12}.Debug|x86.ActiveCfg = Debug|Any CPU
		{53C2AAC7-60EA-42AF-9B7F-D7B1E8904E12}.Debug|x86.Build.0 = Debug|Any CPU
		{53C2AAC7-60EA-42AF-9B7F-D7B1E8904E12}.Release|Any CPU.ActiveCfg = Release|Any CPU
		{53C2AAC7-60EA-42AF-9B7F-D7B1E8904E12}.Release|Any CPU.Build.0 = Release|Any CPU
		{53C2AAC7-60EA-42AF-9B7F-D7B1E8904E12}.Release|x64.ActiveCfg = Release|Any CPU
		{53C2AAC7-60EA-42AF-9B7F-D7B1E8904E12}.Release|x64.Build.0 = Release|Any CPU
		{53C2AAC7-60EA-42AF-9B7F-D7B1E8904E12}.Release|x86.ActiveCfg = Release|Any CPU
		{53C2AAC7-60EA-42AF-9B7F-D7B1E8904E12}.Release|x86.Build.0 = Release|Any CPU
	EndGlobalSection
	GlobalSection(SolutionProperties) = preSolution
		HideSolutionNode = FALSE
	EndGlobalSection
	GlobalSection(ExtensibilityGlobals) = postSolution
		SolutionGuid = {72B3D291-4C6F-45FE-BB95-7F9DD9F8FF55}
	EndGlobalSection
EndGlobal
